
Microsoft Visual Studio Solution File, Format Version 12.00
# Visual Studio Version 17
VisualStudioVersion = 17.5.33516.290
MinimumVisualStudioVersion = 10.0.40219.1
Project("{9A19103F-16F7-4668-BE54-9A1E7A4F7556}") = "UserManagement", "UserManagement\UserManagement.csproj", "{8C7CE1E5-C179-4F93-961D-306F613C658F}"
EndProject
Project("{9A19103F-16F7-4668-BE54-9A1E7A4F7556}") = "Data", "Data\Data.csproj", "{D27CFDDD-563C-471D-85BB-EA1AC569343F}"
EndProject
Project("{FAE04EC0-301F-11D3-BF4B-00C04F79EFBC}") = "Service", "Service\Service.csproj", "{865F5105-4601-4555-AE5A-424FE5F28264}"
EndProject
Global
	GlobalSection(SolutionConfigurationPlatforms) = preSolution
		Debug|Any CPU = Debug|Any CPU
		Release|Any CPU = Release|Any CPU
	EndGlobalSection
	GlobalSection(ProjectConfigurationPlatforms) = postSolution
		{8C7CE1E5-C179-4F93-961D-306F613C658F}.Debug|Any CPU.ActiveCfg = Debug|Any CPU
		{8C7CE1E5-C179-4F93-961D-306F613C658F}.Debug|Any CPU.Build.0 = Debug|Any CPU
		{8C7CE1E5-C179-4F93-961D-306F613C658F}.Release|Any CPU.ActiveCfg = Release|Any CPU
		{8C7CE1E5-C179-4F93-961D-306F613C658F}.Release|Any CPU.Build.0 = Release|Any CPU
		{D27CFDDD-563C-471D-85BB-EA1AC569343F}.Debug|Any CPU.ActiveCfg = Debug|Any CPU
		{D27CFDDD-563C-471D-85BB-EA1AC569343F}.Debug|Any CPU.Build.0 = Debug|Any CPU
		{D27CFDDD-563C-471D-85BB-EA1AC569343F}.Release|Any CPU.ActiveCfg = Release|Any CPU
		{D27CFDDD-563C-471D-85BB-EA1AC569343F}.Release|Any CPU.Build.0 = Release|Any CPU
		{865F5105-4601-4555-AE5A-424FE5F28264}.Debug|Any CPU.ActiveCfg = Debug|Any CPU
		{865F5105-4601-4555-AE5A-424FE5F28264}.Debug|Any CPU.Build.0 = Debug|Any CPU
		{865F5105-4601-4555-AE5A-424FE5F28264}.Release|Any CPU.ActiveCfg = Release|Any CPU
		{865F5105-4601-4555-AE5A-424FE5F28264}.Release|Any CPU.Build.0 = Release|Any CPU
	EndGlobalSection
	GlobalSection(SolutionProperties) = preSolution
		HideSolutionNode = FALSE
	EndGlobalSection
	GlobalSection(ExtensibilityGlobals) = postSolution
		SolutionGuid = {FDF5DFAB-E396-4D12-9A28-4009C2D6C8E9}
	EndGlobalSection
EndGlobal
